
Microsoft Visual Studio Solution File, Format Version 12.00
# Visual Studio Version 17
VisualStudioVersion = 17.2.32602.215
MinimumVisualStudioVersion = 10.0.40219.1
Project("{FAE04EC0-301F-11D3-BF4B-00C04F79EFBC}") = "FEL_ADO", "FEL_ADO\FEL_ADO.csproj", "{DFDB4E23-8C6A-4117-89B5-073A1E4B7143}"
EndProject
Global
	GlobalSection(SolutionConfigurationPlatforms) = preSolution
		Debug|Any CPU = Debug|Any CPU
		Release|Any CPU = Release|Any CPU
	EndGlobalSection
	GlobalSection(ProjectConfigurationPlatforms) = postSolution
		{DFDB4E23-8C6A-4117-89B5-073A1E4B7143}.Debug|Any CPU.ActiveCfg = Debug|Any CPU
		{DFDB4E23-8C6A-4117-89B5-073A1E4B7143}.Debug|Any CPU.Build.0 = Debug|Any CPU
		{DFDB4E23-8C6A-4117-89B5-073A1E4B7143}.Release|Any CPU.ActiveCfg = Release|Any CPU
		{DFDB4E23-8C6A-4117-89B5-073A1E4B7143}.Release|Any CPU.Build.0 = Release|Any CPU
	EndGlobalSection
	GlobalSection(SolutionProperties) = preSolution
		HideSolutionNode = FALSE
	EndGlobalSection
	GlobalSection(ExtensibilityGlobals) = postSolution
		SolutionGuid = {4B758143-C593-448D-9648-6AD02A95B673}
	EndGlobalSection
EndGlobal
